
Microsoft Visual Studio Solution File, Format Version 12.00
# Visual Studio Version 17
VisualStudioVersion = 17.7.34202.233
MinimumVisualStudioVersion = 10.0.40219.1
Project("{FAE04EC0-301F-11D3-BF4B-00C04F79EFBC}") = "ServerStartt", "ServerStartt\ServerStartt.csproj", "{10D893DF-D560-40C9-A01C-1A7E8C809FD2}"
EndProject
Global
	GlobalSection(SolutionConfigurationPlatforms) = preSolution
		Debug|Any CPU = Debug|Any CPU
		Release|Any CPU = Release|Any CPU
	EndGlobalSection
	GlobalSection(ProjectConfigurationPlatforms) = postSolution
		{10D893DF-D560-40C9-A01C-1A7E8C809FD2}.Debug|Any CPU.ActiveCfg = Debug|Any CPU
		{10D893DF-D560-40C9-A01C-1A7E8C809FD2}.Debug|Any CPU.Build.0 = Debug|Any CPU
		{10D893DF-D560-40C9-A01C-1A7E8C809FD2}.Release|Any CPU.ActiveCfg = Release|Any CPU
		{10D893DF-D560-40C9-A01C-1A7E8C809FD2}.Release|Any CPU.Build.0 = Release|Any CPU
	EndGlobalSection
	GlobalSection(SolutionProperties) = preSolution
		HideSolutionNode = FALSE
	EndGlobalSection
	GlobalSection(ExtensibilityGlobals) = postSolution
		SolutionGuid = {A502CF51-19D9-472D-BBBB-88BF6E9D0866}
	EndGlobalSection
EndGlobal
